
Microsoft Visual Studio Solution File, Format Version 12.00
# Visual Studio Version 17
VisualStudioVersion = 17.8.34330.188
MinimumVisualStudioVersion = 10.0.40219.1
Project("{FAE04EC0-301F-11D3-BF4B-00C04F79EFBC}") = "EmailProvider", "EmailProvider\EmailProvider.csproj", "{2DD51498-75AD-4235-A109-C31B852F46C1}"
EndProject
Global
	GlobalSection(SolutionConfigurationPlatforms) = preSolution
		Debug|Any CPU = Debug|Any CPU
		Release|Any CPU = Release|Any CPU
	EndGlobalSection
	GlobalSection(ProjectConfigurationPlatforms) = postSolution
		{2DD51498-75AD-4235-A109-C31B852F46C1}.Debug|Any CPU.ActiveCfg = Debug|Any CPU
		{2DD51498-75AD-4235-A109-C31B852F46C1}.Debug|Any CPU.Build.0 = Debug|Any CPU
		{2DD51498-75AD-4235-A109-C31B852F46C1}.Release|Any CPU.ActiveCfg = Release|Any CPU
		{2DD51498-75AD-4235-A109-C31B852F46C1}.Release|Any CPU.Build.0 = Release|Any CPU
	EndGlobalSection
	GlobalSection(SolutionProperties) = preSolution
		HideSolutionNode = FALSE
	EndGlobalSection
	GlobalSection(ExtensibilityGlobals) = postSolution
		SolutionGuid = {59364111-BDC9-45E8-A2D1-9A5FCA2CABF6}
	EndGlobalSection
EndGlobal
